// !$*UTF8*$!
{
	archiveVersion = 1;
	classes = {
	};
	objectVersion = 56;
	objects = {

/* Begin PBXBuildFile section */
		93793D9B29CF6F6900CEFDA0 /* Person.swift in Sources */ = {isa = PBXBuildFile; fileRef = 93793D9A29CF6F6900CEFDA0 /* Person.swift */; };
		93793D9D29CF756200CEFDA0 /* PersonListView.swift in Sources */ = {isa = PBXBuildFile; fileRef = 93793D9C29CF756200CEFDA0 /* PersonListView.swift */; };
		93793D9F29CF802F00CEFDA0 /* PersonPickerPopupView.swift in Sources */ = {isa = PBXBuildFile; fileRef = 93793D9E29CF802F00CEFDA0 /* PersonPickerPopupView.swift */; };
		B042717E293D49CF00F424E5 /* AlbumArchiver_SwiftUIApp.swift in Sources */ = {isa = PBXBuildFile; fileRef = B042717D293D49CF00F424E5 /* AlbumArchiver_SwiftUIApp.swift */; };
		B0427180293D49CF00F424E5 /* ContentView.swift in Sources */ = {isa = PBXBuildFile; fileRef = B042717F293D49CF00F424E5 /* ContentView.swift */; };
		B0427182293D49D200F424E5 /* Assets.xcassets in Resources */ = {isa = PBXBuildFile; fileRef = B0427181293D49D200F424E5 /* Assets.xcassets */; };
		B0427185293D49D200F424E5 /* Preview Assets.xcassets in Resources */ = {isa = PBXBuildFile; fileRef = B0427184293D49D200F424E5 /* Preview Assets.xcassets */; };
		B0427190293D49D200F424E5 /* AlbumArchiver_SwiftUITests.swift in Sources */ = {isa = PBXBuildFile; fileRef = B042718F293D49D200F424E5 /* AlbumArchiver_SwiftUITests.swift */; };
		B042719A293D49D200F424E5 /* AlbumArchiver_SwiftUIUITests.swift in Sources */ = {isa = PBXBuildFile; fileRef = B0427199293D49D200F424E5 /* AlbumArchiver_SwiftUIUITests.swift */; };
		B042719C293D49D200F424E5 /* AlbumArchiver_SwiftUIUITestsLaunchTests.swift in Sources */ = {isa = PBXBuildFile; fileRef = B042719B293D49D200F424E5 /* AlbumArchiver_SwiftUIUITestsLaunchTests.swift */; };
		B04271AA293D4A1000F424E5 /* Album.swift in Sources */ = {isa = PBXBuildFile; fileRef = B04271A9293D4A1000F424E5 /* Album.swift */; };
		B04271AC293D4A1900F424E5 /* Page.swift in Sources */ = {isa = PBXBuildFile; fileRef = B04271AB293D4A1900F424E5 /* Page.swift */; };
		B04271AE293D4A2100F424E5 /* Library.swift in Sources */ = {isa = PBXBuildFile; fileRef = B04271AD293D4A2100F424E5 /* Library.swift */; };
		B04271B1293D4CB900F424E5 /* AlbumView.swift in Sources */ = {isa = PBXBuildFile; fileRef = B04271B0293D4CB900F424E5 /* AlbumView.swift */; };
		B04271B3293D613600F424E5 /* PageView.swift in Sources */ = {isa = PBXBuildFile; fileRef = B04271B2293D613600F424E5 /* PageView.swift */; };
		B04271B5293D794B00F424E5 /* LibraryMenuVIew.swift in Sources */ = {isa = PBXBuildFile; fileRef = B04271B4293D794B00F424E5 /* LibraryMenuVIew.swift */; };
		B04271B7293E816100F424E5 /* ArchivedItem.swift in Sources */ = {isa = PBXBuildFile; fileRef = B04271B6293E816100F424E5 /* ArchivedItem.swift */; };
		B04271B92940FED400F424E5 /* ArchivedItemView.swift in Sources */ = {isa = PBXBuildFile; fileRef = B04271B82940FED300F424E5 /* ArchivedItemView.swift */; };
		B04FD4F5296BC78C004345F5 /* ArchivedITmeCollectionViewItemView.swift in Sources */ = {isa = PBXBuildFile; fileRef = B04FD4F4296BC78C004345F5 /* ArchivedITmeCollectionViewItemView.swift */; };
		B0616563296E784F00B3F87E /* main.swift in Sources */ = {isa = PBXBuildFile; fileRef = B0616562296E784F00B3F87E /* main.swift */; };
		B061656B296E789200B3F87E /* Library.swift in Sources */ = {isa = PBXBuildFile; fileRef = B04271AD293D4A2100F424E5 /* Library.swift */; };
		B061656C296E789200B3F87E /* ArchivedItem.swift in Sources */ = {isa = PBXBuildFile; fileRef = B04271B6293E816100F424E5 /* ArchivedItem.swift */; };
		B061656D296E789200B3F87E /* Album.swift in Sources */ = {isa = PBXBuildFile; fileRef = B04271A9293D4A1000F424E5 /* Album.swift */; };
		B061656E296E789200B3F87E /* Page.swift in Sources */ = {isa = PBXBuildFile; fileRef = B04271AB293D4A1900F424E5 /* Page.swift */; };
		B0616571296E7F6A00B3F87E /* AlbumIOUtils.swift in Sources */ = {isa = PBXBuildFile; fileRef = B0616570296E7F6A00B3F87E /* AlbumIOUtils.swift */; };
		B0616572296E809700B3F87E /* AlbumIOUtils.swift in Sources */ = {isa = PBXBuildFile; fileRef = B0616570296E7F6A00B3F87E /* AlbumIOUtils.swift */; };
		B0616575296F701F00B3F87E /* FaceDetectionManager.swift in Sources */ = {isa = PBXBuildFile; fileRef = B0616574296F701F00B3F87E /* FaceDetectionManager.swift */; };
		B0616576296F744000B3F87E /* FaceDetectionManager.swift in Sources */ = {isa = PBXBuildFile; fileRef = B0616574296F701F00B3F87E /* FaceDetectionManager.swift */; };
		B09783B2294FF1DC00C13D2D /* ArchivedItemGrid.swift in Sources */ = {isa = PBXBuildFile; fileRef = B09783B1294FF1DC00C13D2D /* ArchivedItemGrid.swift */; };
		B0A12E482960EB5A005CA3F4 /* ItemCollectionViewController.swift in Sources */ = {isa = PBXBuildFile; fileRef = B0A12E462960EB5A005CA3F4 /* ItemCollectionViewController.swift */; };
		B0A12E492960EB5A005CA3F4 /* ItemCollectionViewController.xib in Resources */ = {isa = PBXBuildFile; fileRef = B0A12E472960EB5A005CA3F4 /* ItemCollectionViewController.xib */; };
		B0A12E4B2960EB90005CA3F4 /* ItemCollectionViewHost.swift in Sources */ = {isa = PBXBuildFile; fileRef = B0A12E4A2960EB90005CA3F4 /* ItemCollectionViewHost.swift */; };
		B0A12E4E2960FF62005CA3F4 /* ArchivedItemCollectionViewItemController.swift in Sources */ = {isa = PBXBuildFile; fileRef = B0A12E4C2960FF62005CA3F4 /* ArchivedItemCollectionViewItemController.swift */; };
		B0A12E4F2960FF62005CA3F4 /* ArchivedItemCollectionViewItemController.xib in Resources */ = {isa = PBXBuildFile; fileRef = B0A12E4D2960FF62005CA3F4 /* ArchivedItemCollectionViewItemController.xib */; };
		B0BC0FC22990594300B367E8 /* FaceOverlayRectangle.swift in Sources */ = {isa = PBXBuildFile; fileRef = B0BC0FC12990594300B367E8 /* FaceOverlayRectangle.swift */; };
		B0EB77DB2974B4D000B7E8EF /* FaceObservation.swift in Sources */ = {isa = PBXBuildFile; fileRef = B0EB77DA2974B4D000B7E8EF /* FaceObservation.swift */; };
		B0EB77DC2974B65A00B7E8EF /* FaceObservation.swift in Sources */ = {isa = PBXBuildFile; fileRef = B0EB77DA2974B4D000B7E8EF /* FaceObservation.swift */; };
/* End PBXBuildFile section */

/* Begin PBXContainerItemProxy section */
		B042718C293D49D200F424E5 /* PBXContainerItemProxy */ = {
			isa = PBXContainerItemProxy;
			containerPortal = B0427172293D49CF00F424E5 /* Project object */;
			proxyType = 1;
			remoteGlobalIDString = B0427179293D49CF00F424E5;
			remoteInfo = "AlbumArchiver-SwiftUI";
		};
		B0427196293D49D200F424E5 /* PBXContainerItemProxy */ = {
			isa = PBXContainerItemProxy;
			containerPortal = B0427172293D49CF00F424E5 /* Project object */;
			proxyType = 1;
			remoteGlobalIDString = B0427179293D49CF00F424E5;
			remoteInfo = "AlbumArchiver-SwiftUI";
		};
/* End PBXContainerItemProxy section */

/* Begin PBXCopyFilesBuildPhase section */
		B061655E296E784F00B3F87E /* CopyFiles */ = {
			isa = PBXCopyFilesBuildPhase;
			buildActionMask = 2147483647;
			dstPath = /usr/share/man/man1/;
			dstSubfolderSpec = 0;
			files = (
			);
			runOnlyForDeploymentPostprocessing = 1;
		};
/* End PBXCopyFilesBuildPhase section */

/* Begin PBXFileReference section */
		93793D9A29CF6F6900CEFDA0 /* Person.swift */ = {isa = PBXFileReference; lastKnownFileType = sourcecode.swift; path = Person.swift; sourceTree = "<group>"; };
		93793D9C29CF756200CEFDA0 /* PersonListView.swift */ = {isa = PBXFileReference; lastKnownFileType = sourcecode.swift; path = PersonListView.swift; sourceTree = "<group>"; };
		93793D9E29CF802F00CEFDA0 /* PersonPickerPopupView.swift */ = {isa = PBXFileReference; lastKnownFileType = sourcecode.swift; path = PersonPickerPopupView.swift; sourceTree = "<group>"; };
		B042717A293D49CF00F424E5 /* AlbumArchiver-SwiftUI.app */ = {isa = PBXFileReference; explicitFileType = wrapper.application; includeInIndex = 0; path = "AlbumArchiver-SwiftUI.app"; sourceTree = BUILT_PRODUCTS_DIR; };
		B042717D293D49CF00F424E5 /* AlbumArchiver_SwiftUIApp.swift */ = {isa = PBXFileReference; lastKnownFileType = sourcecode.swift; path = AlbumArchiver_SwiftUIApp.swift; sourceTree = "<group>"; };
		B042717F293D49CF00F424E5 /* ContentView.swift */ = {isa = PBXFileReference; lastKnownFileType = sourcecode.swift; path = ContentView.swift; sourceTree = "<group>"; };
		B0427181293D49D200F424E5 /* Assets.xcassets */ = {isa = PBXFileReference; lastKnownFileType = folder.assetcatalog; path = Assets.xcassets; sourceTree = "<group>"; };
		B0427184293D49D200F424E5 /* Preview Assets.xcassets */ = {isa = PBXFileReference; lastKnownFileType = folder.assetcatalog; path = "Preview Assets.xcassets"; sourceTree = "<group>"; };
		B0427186293D49D200F424E5 /* AlbumArchiver_SwiftUI.entitlements */ = {isa = PBXFileReference; lastKnownFileType = text.plist.entitlements; path = AlbumArchiver_SwiftUI.entitlements; sourceTree = "<group>"; };
		B042718B293D49D200F424E5 /* AlbumArchiver-SwiftUITests.xctest */ = {isa = PBXFileReference; explicitFileType = wrapper.cfbundle; includeInIndex = 0; path = "AlbumArchiver-SwiftUITests.xctest"; sourceTree = BUILT_PRODUCTS_DIR; };
		B042718F293D49D200F424E5 /* AlbumArchiver_SwiftUITests.swift */ = {isa = PBXFileReference; lastKnownFileType = sourcecode.swift; path = AlbumArchiver_SwiftUITests.swift; sourceTree = "<group>"; };
		B0427195293D49D200F424E5 /* AlbumArchiver-SwiftUIUITests.xctest */ = {isa = PBXFileReference; explicitFileType = wrapper.cfbundle; includeInIndex = 0; path = "AlbumArchiver-SwiftUIUITests.xctest"; sourceTree = BUILT_PRODUCTS_DIR; };
		B0427199293D49D200F424E5 /* AlbumArchiver_SwiftUIUITests.swift */ = {isa = PBXFileReference; lastKnownFileType = sourcecode.swift; path = AlbumArchiver_SwiftUIUITests.swift; sourceTree = "<group>"; };
		B042719B293D49D200F424E5 /* AlbumArchiver_SwiftUIUITestsLaunchTests.swift */ = {isa = PBXFileReference; lastKnownFileType = sourcecode.swift; path = AlbumArchiver_SwiftUIUITestsLaunchTests.swift; sourceTree = "<group>"; };
		B04271A9293D4A1000F424E5 /* Album.swift */ = {isa = PBXFileReference; lastKnownFileType = sourcecode.swift; path = Album.swift; sourceTree = "<group>"; };
		B04271AB293D4A1900F424E5 /* Page.swift */ = {isa = PBXFileReference; lastKnownFileType = sourcecode.swift; path = Page.swift; sourceTree = "<group>"; };
		B04271AD293D4A2100F424E5 /* Library.swift */ = {isa = PBXFileReference; lastKnownFileType = sourcecode.swift; path = Library.swift; sourceTree = "<group>"; };
		B04271B0293D4CB900F424E5 /* AlbumView.swift */ = {isa = PBXFileReference; lastKnownFileType = sourcecode.swift; path = AlbumView.swift; sourceTree = "<group>"; };
		B04271B2293D613600F424E5 /* PageView.swift */ = {isa = PBXFileReference; lastKnownFileType = sourcecode.swift; path = PageView.swift; sourceTree = "<group>"; };
		B04271B4293D794B00F424E5 /* LibraryMenuVIew.swift */ = {isa = PBXFileReference; lastKnownFileType = sourcecode.swift; path = LibraryMenuVIew.swift; sourceTree = "<group>"; };
		B04271B6293E816100F424E5 /* ArchivedItem.swift */ = {isa = PBXFileReference; lastKnownFileType = sourcecode.swift; path = ArchivedItem.swift; sourceTree = "<group>"; };
		B04271B82940FED300F424E5 /* ArchivedItemView.swift */ = {isa = PBXFileReference; lastKnownFileType = sourcecode.swift; path = ArchivedItemView.swift; sourceTree = "<group>"; };
		B04FD4F4296BC78C004345F5 /* ArchivedITmeCollectionViewItemView.swift */ = {isa = PBXFileReference; lastKnownFileType = sourcecode.swift; path = ArchivedITmeCollectionViewItemView.swift; sourceTree = "<group>"; };
		B0616560296E784F00B3F87E /* AlbumIOScratchpad */ = {isa = PBXFileReference; explicitFileType = "compiled.mach-o.executable"; includeInIndex = 0; path = AlbumIOScratchpad; sourceTree = BUILT_PRODUCTS_DIR; };
		B0616562296E784F00B3F87E /* main.swift */ = {isa = PBXFileReference; lastKnownFileType = sourcecode.swift; path = main.swift; sourceTree = "<group>"; };
		B0616570296E7F6A00B3F87E /* AlbumIOUtils.swift */ = {isa = PBXFileReference; lastKnownFileType = sourcecode.swift; path = AlbumIOUtils.swift; sourceTree = "<group>"; };
		B0616574296F701F00B3F87E /* FaceDetectionManager.swift */ = {isa = PBXFileReference; lastKnownFileType = sourcecode.swift; path = FaceDetectionManager.swift; sourceTree = "<group>"; };
		B09783B1294FF1DC00C13D2D /* ArchivedItemGrid.swift */ = {isa = PBXFileReference; lastKnownFileType = sourcecode.swift; path = ArchivedItemGrid.swift; sourceTree = "<group>"; };
		B0A12E462960EB5A005CA3F4 /* ItemCollectionViewController.swift */ = {isa = PBXFileReference; lastKnownFileType = sourcecode.swift; path = ItemCollectionViewController.swift; sourceTree = "<group>"; };
		B0A12E472960EB5A005CA3F4 /* ItemCollectionViewController.xib */ = {isa = PBXFileReference; lastKnownFileType = file.xib; path = ItemCollectionViewController.xib; sourceTree = "<group>"; };
		B0A12E4A2960EB90005CA3F4 /* ItemCollectionViewHost.swift */ = {isa = PBXFileReference; lastKnownFileType = sourcecode.swift; path = ItemCollectionViewHost.swift; sourceTree = "<group>"; };
		B0A12E4C2960FF62005CA3F4 /* ArchivedItemCollectionViewItemController.swift */ = {isa = PBXFileReference; lastKnownFileType = sourcecode.swift; path = ArchivedItemCollectionViewItemController.swift; sourceTree = "<group>"; };
		B0A12E4D2960FF62005CA3F4 /* ArchivedItemCollectionViewItemController.xib */ = {isa = PBXFileReference; lastKnownFileType = file.xib; path = ArchivedItemCollectionViewItemController.xib; sourceTree = "<group>"; };
		B0BC0FBF298F126700B367E8 /* README.md */ = {isa = PBXFileReference; lastKnownFileType = net.daringfireball.markdown; path = README.md; sourceTree = "<group>"; };
		B0BC0FC12990594300B367E8 /* FaceOverlayRectangle.swift */ = {isa = PBXFileReference; lastKnownFileType = sourcecode.swift; path = FaceOverlayRectangle.swift; sourceTree = "<group>"; };
		B0EB77DA2974B4D000B7E8EF /* FaceObservation.swift */ = {isa = PBXFileReference; lastKnownFileType = sourcecode.swift; path = FaceObservation.swift; sourceTree = "<group>"; };
/* End PBXFileReference section */

/* Begin PBXFrameworksBuildPhase section */
		B0427177293D49CF00F424E5 /* Frameworks */ = {
			isa = PBXFrameworksBuildPhase;
			buildActionMask = 2147483647;
			files = (
			);
			runOnlyForDeploymentPostprocessing = 0;
		};
		B0427188293D49D200F424E5 /* Frameworks */ = {
			isa = PBXFrameworksBuildPhase;
			buildActionMask = 2147483647;
			files = (
			);
			runOnlyForDeploymentPostprocessing = 0;
		};
		B0427192293D49D200F424E5 /* Frameworks */ = {
			isa = PBXFrameworksBuildPhase;
			buildActionMask = 2147483647;
			files = (
			);
			runOnlyForDeploymentPostprocessing = 0;
		};
		B061655D296E784F00B3F87E /* Frameworks */ = {
			isa = PBXFrameworksBuildPhase;
			buildActionMask = 2147483647;
			files = (
			);
			runOnlyForDeploymentPostprocessing = 0;
		};
/* End PBXFrameworksBuildPhase section */

/* Begin PBXGroup section */
		B0427171293D49CF00F424E5 = {
			isa = PBXGroup;
			children = (
				B0BC0FBF298F126700B367E8 /* README.md */,
				B042717C293D49CF00F424E5 /* AlbumArchiver-SwiftUI */,
				B042718E293D49D200F424E5 /* AlbumArchiver-SwiftUITests */,
				B0427198293D49D200F424E5 /* AlbumArchiver-SwiftUIUITests */,
				B0616561296E784F00B3F87E /* AlbumIOScratchpad */,
				B042717B293D49CF00F424E5 /* Products */,
			);
			sourceTree = "<group>";
		};
		B042717B293D49CF00F424E5 /* Products */ = {
			isa = PBXGroup;
			children = (
				B042717A293D49CF00F424E5 /* AlbumArchiver-SwiftUI.app */,
				B042718B293D49D200F424E5 /* AlbumArchiver-SwiftUITests.xctest */,
				B0427195293D49D200F424E5 /* AlbumArchiver-SwiftUIUITests.xctest */,
				B0616560296E784F00B3F87E /* AlbumIOScratchpad */,
			);
			name = Products;
			sourceTree = "<group>";
		};
		B042717C293D49CF00F424E5 /* AlbumArchiver-SwiftUI */ = {
			isa = PBXGroup;
			children = (
				B0616573296F700A00B3F87E /* Face Indexing Stuff */,
				B061656F296E7F5D00B3F87E /* IO */,
				B04271AF293D4CA900F424E5 /* Views */,
				B04271A8293D49EF00F424E5 /* Models */,
				B042717D293D49CF00F424E5 /* AlbumArchiver_SwiftUIApp.swift */,
				B042717F293D49CF00F424E5 /* ContentView.swift */,
				B0427181293D49D200F424E5 /* Assets.xcassets */,
				B0427186293D49D200F424E5 /* AlbumArchiver_SwiftUI.entitlements */,
				B0427183293D49D200F424E5 /* Preview Content */,
			);
			path = "AlbumArchiver-SwiftUI";
			sourceTree = "<group>";
		};
		B0427183293D49D200F424E5 /* Preview Content */ = {
			isa = PBXGroup;
			children = (
				B0427184293D49D200F424E5 /* Preview Assets.xcassets */,
			);
			path = "Preview Content";
			sourceTree = "<group>";
		};
		B042718E293D49D200F424E5 /* AlbumArchiver-SwiftUITests */ = {
			isa = PBXGroup;
			children = (
				B042718F293D49D200F424E5 /* AlbumArchiver_SwiftUITests.swift */,
			);
			path = "AlbumArchiver-SwiftUITests";
			sourceTree = "<group>";
		};
		B0427198293D49D200F424E5 /* AlbumArchiver-SwiftUIUITests */ = {
			isa = PBXGroup;
			children = (
				B0427199293D49D200F424E5 /* AlbumArchiver_SwiftUIUITests.swift */,
				B042719B293D49D200F424E5 /* AlbumArchiver_SwiftUIUITestsLaunchTests.swift */,
			);
			path = "AlbumArchiver-SwiftUIUITests";
			sourceTree = "<group>";
		};
		B04271A8293D49EF00F424E5 /* Models */ = {
			isa = PBXGroup;
			children = (
				B04271A9293D4A1000F424E5 /* Album.swift */,
				B04271AB293D4A1900F424E5 /* Page.swift */,
				B04271AD293D4A2100F424E5 /* Library.swift */,
				B04271B6293E816100F424E5 /* ArchivedItem.swift */,
				B0EB77DA2974B4D000B7E8EF /* FaceObservation.swift */,
				93793D9A29CF6F6900CEFDA0 /* Person.swift */,
			);
			path = Models;
			sourceTree = "<group>";
		};
		B04271AF293D4CA900F424E5 /* Views */ = {
			isa = PBXGroup;
			children = (
				B0BC0FC02990592A00B367E8 /* Archived Item View Window */,
				B0A12E3D2960E465005CA3F4 /* Collection View Hosting Method */,
				B04271B0293D4CB900F424E5 /* AlbumView.swift */,
				B04271B2293D613600F424E5 /* PageView.swift */,
				B04271B4293D794B00F424E5 /* LibraryMenuVIew.swift */,
				B09783B1294FF1DC00C13D2D /* ArchivedItemGrid.swift */,
				93793D9C29CF756200CEFDA0 /* PersonListView.swift */,
				93793D9E29CF802F00CEFDA0 /* PersonPickerPopupView.swift */,
			);
			path = Views;
			sourceTree = "<group>";
		};
		B0616561296E784F00B3F87E /* AlbumIOScratchpad */ = {
			isa = PBXGroup;
			children = (
				B0616562296E784F00B3F87E /* main.swift */,
			);
			path = AlbumIOScratchpad;
			sourceTree = "<group>";
		};
		B061656F296E7F5D00B3F87E /* IO */ = {
			isa = PBXGroup;
			children = (
				B0616570296E7F6A00B3F87E /* AlbumIOUtils.swift */,
			);
			path = IO;
			sourceTree = "<group>";
		};
		B0616573296F700A00B3F87E /* Face Indexing Stuff */ = {
			isa = PBXGroup;
			children = (
				B0616574296F701F00B3F87E /* FaceDetectionManager.swift */,
			);
			path = "Face Indexing Stuff";
			sourceTree = "<group>";
		};
		B0A12E3D2960E465005CA3F4 /* Collection View Hosting Method */ = {
			isa = PBXGroup;
			children = (
				B0A12E462960EB5A005CA3F4 /* ItemCollectionViewController.swift */,
				B0A12E472960EB5A005CA3F4 /* ItemCollectionViewController.xib */,
				B0A12E4A2960EB90005CA3F4 /* ItemCollectionViewHost.swift */,
				B0A12E4C2960FF62005CA3F4 /* ArchivedItemCollectionViewItemController.swift */,
				B0A12E4D2960FF62005CA3F4 /* ArchivedItemCollectionViewItemController.xib */,
				B04FD4F4296BC78C004345F5 /* ArchivedITmeCollectionViewItemView.swift */,
			);
			path = "Collection View Hosting Method";
			sourceTree = "<group>";
		};
		B0BC0FC02990592A00B367E8 /* Archived Item View Window */ = {
			isa = PBXGroup;
			children = (
				B04271B82940FED300F424E5 /* ArchivedItemView.swift */,
				B0BC0FC12990594300B367E8 /* FaceOverlayRectangle.swift */,
			);
			path = "Archived Item View Window";
			sourceTree = "<group>";
		};
/* End PBXGroup section */

/* Begin PBXNativeTarget section */
		B0427179293D49CF00F424E5 /* AlbumArchiver-SwiftUI */ = {
			isa = PBXNativeTarget;
			buildConfigurationList = B042719F293D49D200F424E5 /* Build configuration list for PBXNativeTarget "AlbumArchiver-SwiftUI" */;
			buildPhases = (
				B0427176293D49CF00F424E5 /* Sources */,
				B0427177293D49CF00F424E5 /* Frameworks */,
				B0427178293D49CF00F424E5 /* Resources */,
			);
			buildRules = (
			);
			dependencies = (
			);
			name = "AlbumArchiver-SwiftUI";
			productName = "AlbumArchiver-SwiftUI";
			productReference = B042717A293D49CF00F424E5 /* AlbumArchiver-SwiftUI.app */;
			productType = "com.apple.product-type.application";
		};
		B042718A293D49D200F424E5 /* AlbumArchiver-SwiftUITests */ = {
			isa = PBXNativeTarget;
			buildConfigurationList = B04271A2293D49D200F424E5 /* Build configuration list for PBXNativeTarget "AlbumArchiver-SwiftUITests" */;
			buildPhases = (
				B0427187293D49D200F424E5 /* Sources */,
				B0427188293D49D200F424E5 /* Frameworks */,
				B0427189293D49D200F424E5 /* Resources */,
			);
			buildRules = (
			);
			dependencies = (
				B042718D293D49D200F424E5 /* PBXTargetDependency */,
			);
			name = "AlbumArchiver-SwiftUITests";
			productName = "AlbumArchiver-SwiftUITests";
			productReference = B042718B293D49D200F424E5 /* AlbumArchiver-SwiftUITests.xctest */;
			productType = "com.apple.product-type.bundle.unit-test";
		};
		B0427194293D49D200F424E5 /* AlbumArchiver-SwiftUIUITests */ = {
			isa = PBXNativeTarget;
			buildConfigurationList = B04271A5293D49D200F424E5 /* Build configuration list for PBXNativeTarget "AlbumArchiver-SwiftUIUITests" */;
			buildPhases = (
				B0427191293D49D200F424E5 /* Sources */,
				B0427192293D49D200F424E5 /* Frameworks */,
				B0427193293D49D200F424E5 /* Resources */,
			);
			buildRules = (
			);
			dependencies = (
				B0427197293D49D200F424E5 /* PBXTargetDependency */,
			);
			name = "AlbumArchiver-SwiftUIUITests";
			productName = "AlbumArchiver-SwiftUIUITests";
			productReference = B0427195293D49D200F424E5 /* AlbumArchiver-SwiftUIUITests.xctest */;
			productType = "com.apple.product-type.bundle.ui-testing";
		};
		B061655F296E784F00B3F87E /* AlbumIOScratchpad */ = {
			isa = PBXNativeTarget;
			buildConfigurationList = B0616566296E784F00B3F87E /* Build configuration list for PBXNativeTarget "AlbumIOScratchpad" */;
			buildPhases = (
				B061655C296E784F00B3F87E /* Sources */,
				B061655D296E784F00B3F87E /* Frameworks */,
				B061655E296E784F00B3F87E /* CopyFiles */,
			);
			buildRules = (
			);
			dependencies = (
			);
			name = AlbumIOScratchpad;
			productName = AlbumIOScratchpad;
			productReference = B0616560296E784F00B3F87E /* AlbumIOScratchpad */;
			productType = "com.apple.product-type.tool";
		};
/* End PBXNativeTarget section */

/* Begin PBXProject section */
		B0427172293D49CF00F424E5 /* Project object */ = {
			isa = PBXProject;
			attributes = {
				BuildIndependentTargetsInParallel = 1;
				LastSwiftUpdateCheck = 1420;
				LastUpgradeCheck = 1410;
				TargetAttributes = {
					B0427179293D49CF00F424E5 = {
						CreatedOnToolsVersion = 14.1;
					};
					B042718A293D49D200F424E5 = {
						CreatedOnToolsVersion = 14.1;
						TestTargetID = B0427179293D49CF00F424E5;
					};
					B0427194293D49D200F424E5 = {
						CreatedOnToolsVersion = 14.1;
						TestTargetID = B0427179293D49CF00F424E5;
					};
					B061655F296E784F00B3F87E = {
						CreatedOnToolsVersion = 14.2;
					};
				};
			};
			buildConfigurationList = B0427175293D49CF00F424E5 /* Build configuration list for PBXProject "AlbumArchiver-SwiftUI" */;
			compatibilityVersion = "Xcode 14.0";
			developmentRegion = en;
			hasScannedForEncodings = 0;
			knownRegions = (
				en,
				Base,
			);
			mainGroup = B0427171293D49CF00F424E5;
			productRefGroup = B042717B293D49CF00F424E5 /* Products */;
			projectDirPath = "";
			projectRoot = "";
			targets = (
				B0427179293D49CF00F424E5 /* AlbumArchiver-SwiftUI */,
				B042718A293D49D200F424E5 /* AlbumArchiver-SwiftUITests */,
				B0427194293D49D200F424E5 /* AlbumArchiver-SwiftUIUITests */,
				B061655F296E784F00B3F87E /* AlbumIOScratchpad */,
			);
		};
/* End PBXProject section */

/* Begin PBXResourcesBuildPhase section */
		B0427178293D49CF00F424E5 /* Resources */ = {
			isa = PBXResourcesBuildPhase;
			buildActionMask = 2147483647;
			files = (
				B0A12E492960EB5A005CA3F4 /* ItemCollectionViewController.xib in Resources */,
				B0427185293D49D200F424E5 /* Preview Assets.xcassets in Resources */,
				B0A12E4F2960FF62005CA3F4 /* ArchivedItemCollectionViewItemController.xib in Resources */,
				B0427182293D49D200F424E5 /* Assets.xcassets in Resources */,
			);
			runOnlyForDeploymentPostprocessing = 0;
		};
		B0427189293D49D200F424E5 /* Resources */ = {
			isa = PBXResourcesBuildPhase;
			buildActionMask = 2147483647;
			files = (
			);
			runOnlyForDeploymentPostprocessing = 0;
		};
		B0427193293D49D200F424E5 /* Resources */ = {
			isa = PBXResourcesBuildPhase;
			buildActionMask = 2147483647;
			files = (
			);
			runOnlyForDeploymentPostprocessing = 0;
		};
/* End PBXResourcesBuildPhase section */

/* Begin PBXSourcesBuildPhase section */
		B0427176293D49CF00F424E5 /* Sources */ = {
			isa = PBXSourcesBuildPhase;
			buildActionMask = 2147483647;
			files = (
				B04271B1293D4CB900F424E5 /* AlbumView.swift in Sources */,
				B0616571296E7F6A00B3F87E /* AlbumIOUtils.swift in Sources */,
				93793D9D29CF756200CEFDA0 /* PersonListView.swift in Sources */,
				B0427180293D49CF00F424E5 /* ContentView.swift in Sources */,
				B042717E293D49CF00F424E5 /* AlbumArchiver_SwiftUIApp.swift in Sources */,
				B09783B2294FF1DC00C13D2D /* ArchivedItemGrid.swift in Sources */,
				B04271AE293D4A2100F424E5 /* Library.swift in Sources */,
				B04FD4F5296BC78C004345F5 /* ArchivedITmeCollectionViewItemView.swift in Sources */,
				B04271B7293E816100F424E5 /* ArchivedItem.swift in Sources */,
				B0A12E4E2960FF62005CA3F4 /* ArchivedItemCollectionViewItemController.swift in Sources */,
				93793D9F29CF802F00CEFDA0 /* PersonPickerPopupView.swift in Sources */,
				B04271B92940FED400F424E5 /* ArchivedItemView.swift in Sources */,
				93793D9B29CF6F6900CEFDA0 /* Person.swift in Sources */,
				B04271AC293D4A1900F424E5 /* Page.swift in Sources */,
				B04271B5293D794B00F424E5 /* LibraryMenuVIew.swift in Sources */,
				B04271AA293D4A1000F424E5 /* Album.swift in Sources */,
				B0616575296F701F00B3F87E /* FaceDetectionManager.swift in Sources */,
				B04271B3293D613600F424E5 /* PageView.swift in Sources */,
				B0EB77DB2974B4D000B7E8EF /* FaceObservation.swift in Sources */,
				B0A12E482960EB5A005CA3F4 /* ItemCollectionViewController.swift in Sources */,
				B0A12E4B2960EB90005CA3F4 /* ItemCollectionViewHost.swift in Sources */,
				B0BC0FC22990594300B367E8 /* FaceOverlayRectangle.swift in Sources */,
			);
			runOnlyForDeploymentPostprocessing = 0;
		};
		B0427187293D49D200F424E5 /* Sources */ = {
			isa = PBXSourcesBuildPhase;
			buildActionMask = 2147483647;
			files = (
				B0427190293D49D200F424E5 /* AlbumArchiver_SwiftUITests.swift in Sources */,
			);
			runOnlyForDeploymentPostprocessing = 0;
		};
		B0427191293D49D200F424E5 /* Sources */ = {
			isa = PBXSourcesBuildPhase;
			buildActionMask = 2147483647;
			files = (
				B042719C293D49D200F424E5 /* AlbumArchiver_SwiftUIUITestsLaunchTests.swift in Sources */,
				B042719A293D49D200F424E5 /* AlbumArchiver_SwiftUIUITests.swift in Sources */,
			);
			runOnlyForDeploymentPostprocessing = 0;
		};
		B061655C296E784F00B3F87E /* Sources */ = {
			isa = PBXSourcesBuildPhase;
			buildActionMask = 2147483647;
			files = (
				B0616563296E784F00B3F87E /* main.swift in Sources */,
				B061656E296E789200B3F87E /* Page.swift in Sources */,
				B061656C296E789200B3F87E /* ArchivedItem.swift in Sources */,
				B0EB77DC2974B65A00B7E8EF /* FaceObservation.swift in Sources */,
				B0616572296E809700B3F87E /* AlbumIOUtils.swift in Sources */,
				B0616576296F744000B3F87E /* FaceDetectionManager.swift in Sources */,
				B061656B296E789200B3F87E /* Library.swift in Sources */,
				B061656D296E789200B3F87E /* Album.swift in Sources */,
			);
			runOnlyForDeploymentPostprocessing = 0;
		};
/* End PBXSourcesBuildPhase section */

/* Begin PBXTargetDependency section */
		B042718D293D49D200F424E5 /* PBXTargetDependency */ = {
			isa = PBXTargetDependency;
			target = B0427179293D49CF00F424E5 /* AlbumArchiver-SwiftUI */;
			targetProxy = B042718C293D49D200F424E5 /* PBXContainerItemProxy */;
		};
		B0427197293D49D200F424E5 /* PBXTargetDependency */ = {
			isa = PBXTargetDependency;
			target = B0427179293D49CF00F424E5 /* AlbumArchiver-SwiftUI */;
			targetProxy = B0427196293D49D200F424E5 /* PBXContainerItemProxy */;
		};
/* End PBXTargetDependency section */

/* Begin XCBuildConfiguration section */
		B042719D293D49D200F424E5 /* Debug */ = {
			isa = XCBuildConfiguration;
			buildSettings = {
				ALWAYS_SEARCH_USER_PATHS = NO;
				CLANG_ANALYZER_NONNULL = YES;
				CLANG_ANALYZER_NUMBER_OBJECT_CONVERSION = YES_AGGRESSIVE;
				CLANG_CXX_LANGUAGE_STANDARD = "gnu++20";
				CLANG_ENABLE_MODULES = YES;
				CLANG_ENABLE_OBJC_ARC = YES;
				CLANG_ENABLE_OBJC_WEAK = YES;
				CLANG_WARN_BLOCK_CAPTURE_AUTORELEASING = YES;
				CLANG_WARN_BOOL_CONVERSION = YES;
				CLANG_WARN_COMMA = YES;
				CLANG_WARN_CONSTANT_CONVERSION = YES;
				CLANG_WARN_DEPRECATED_OBJC_IMPLEMENTATIONS = YES;
				CLANG_WARN_DIRECT_OBJC_ISA_USAGE = YES_ERROR;
				CLANG_WARN_DOCUMENTATION_COMMENTS = YES;
				CLANG_WARN_EMPTY_BODY = YES;
				CLANG_WARN_ENUM_CONVERSION = YES;
				CLANG_WARN_INFINITE_RECURSION = YES;
				CLANG_WARN_INT_CONVERSION = YES;
				CLANG_WARN_NON_LITERAL_NULL_CONVERSION = YES;
				CLANG_WARN_OBJC_IMPLICIT_RETAIN_SELF = YES;
				CLANG_WARN_OBJC_LITERAL_CONVERSION = YES;
				CLANG_WARN_OBJC_ROOT_CLASS = YES_ERROR;
				CLANG_WARN_QUOTED_INCLUDE_IN_FRAMEWORK_HEADER = YES;
				CLANG_WARN_RANGE_LOOP_ANALYSIS = YES;
				CLANG_WARN_STRICT_PROTOTYPES = YES;
				CLANG_WARN_SUSPICIOUS_MOVE = YES;
				CLANG_WARN_UNGUARDED_AVAILABILITY = YES_AGGRESSIVE;
				CLANG_WARN_UNREACHABLE_CODE = YES;
				CLANG_WARN__DUPLICATE_METHOD_MATCH = YES;
				COPY_PHASE_STRIP = NO;
				DEBUG_INFORMATION_FORMAT = dwarf;
				ENABLE_STRICT_OBJC_MSGSEND = YES;
				ENABLE_TESTABILITY = YES;
				GCC_C_LANGUAGE_STANDARD = gnu11;
				GCC_DYNAMIC_NO_PIC = NO;
				GCC_NO_COMMON_BLOCKS = YES;
				GCC_OPTIMIZATION_LEVEL = 0;
				GCC_PREPROCESSOR_DEFINITIONS = (
					"DEBUG=1",
					"$(inherited)",
				);
				GCC_WARN_64_TO_32_BIT_CONVERSION = YES;
				GCC_WARN_ABOUT_RETURN_TYPE = YES_ERROR;
				GCC_WARN_UNDECLARED_SELECTOR = YES;
				GCC_WARN_UNINITIALIZED_AUTOS = YES_AGGRESSIVE;
				GCC_WARN_UNUSED_FUNCTION = YES;
				GCC_WARN_UNUSED_VARIABLE = YES;
				MACOSX_DEPLOYMENT_TARGET = 12.6;
				MTL_ENABLE_DEBUG_INFO = INCLUDE_SOURCE;
				MTL_FAST_MATH = YES;
				ONLY_ACTIVE_ARCH = YES;
				SDKROOT = macosx;
				SWIFT_ACTIVE_COMPILATION_CONDITIONS = DEBUG;
				SWIFT_OPTIMIZATION_LEVEL = "-Onone";
			};
			name = Debug;
		};
		B042719E293D49D200F424E5 /* Release */ = {
			isa = XCBuildConfiguration;
			buildSettings = {
				ALWAYS_SEARCH_USER_PATHS = NO;
				CLANG_ANALYZER_NONNULL = YES;
				CLANG_ANALYZER_NUMBER_OBJECT_CONVERSION = YES_AGGRESSIVE;
				CLANG_CXX_LANGUAGE_STANDARD = "gnu++20";
				CLANG_ENABLE_MODULES = YES;
				CLANG_ENABLE_OBJC_ARC = YES;
				CLANG_ENABLE_OBJC_WEAK = YES;
				CLANG_WARN_BLOCK_CAPTURE_AUTORELEASING = YES;
				CLANG_WARN_BOOL_CONVERSION = YES;
				CLANG_WARN_COMMA = YES;
				CLANG_WARN_CONSTANT_CONVERSION = YES;
				CLANG_WARN_DEPRECATED_OBJC_IMPLEMENTATIONS = YES;
				CLANG_WARN_DIRECT_OBJC_ISA_USAGE = YES_ERROR;
				CLANG_WARN_DOCUMENTATION_COMMENTS = YES;
				CLANG_WARN_EMPTY_BODY = YES;
				CLANG_WARN_ENUM_CONVERSION = YES;
				CLANG_WARN_INFINITE_RECURSION = YES;
				CLANG_WARN_INT_CONVERSION = YES;
				CLANG_WARN_NON_LITERAL_NULL_CONVERSION = YES;
				CLANG_WARN_OBJC_IMPLICIT_RETAIN_SELF = YES;
				CLANG_WARN_OBJC_LITERAL_CONVERSION = YES;
				CLANG_WARN_OBJC_ROOT_CLASS = YES_ERROR;
				CLANG_WARN_QUOTED_INCLUDE_IN_FRAMEWORK_HEADER = YES;
				CLANG_WARN_RANGE_LOOP_ANALYSIS = YES;
				CLANG_WARN_STRICT_PROTOTYPES = YES;
				CLANG_WARN_SUSPICIOUS_MOVE = YES;
				CLANG_WARN_UNGUARDED_AVAILABILITY = YES_AGGRESSIVE;
				CLANG_WARN_UNREACHABLE_CODE = YES;
				CLANG_WARN__DUPLICATE_METHOD_MATCH = YES;
				COPY_PHASE_STRIP = NO;
				DEBUG_INFORMATION_FORMAT = "dwarf-with-dsym";
				ENABLE_NS_ASSERTIONS = NO;
				ENABLE_STRICT_OBJC_MSGSEND = YES;
				GCC_C_LANGUAGE_STANDARD = gnu11;
				GCC_NO_COMMON_BLOCKS = YES;
				GCC_WARN_64_TO_32_BIT_CONVERSION = YES;
				GCC_WARN_ABOUT_RETURN_TYPE = YES_ERROR;
				GCC_WARN_UNDECLARED_SELECTOR = YES;
				GCC_WARN_UNINITIALIZED_AUTOS = YES_AGGRESSIVE;
				GCC_WARN_UNUSED_FUNCTION = YES;
				GCC_WARN_UNUSED_VARIABLE = YES;
				MACOSX_DEPLOYMENT_TARGET = 12.6;
				MTL_ENABLE_DEBUG_INFO = NO;
				MTL_FAST_MATH = YES;
				SDKROOT = macosx;
				SWIFT_COMPILATION_MODE = wholemodule;
				SWIFT_OPTIMIZATION_LEVEL = "-O";
			};
			name = Release;
		};
		B04271A0293D49D200F424E5 /* Debug */ = {
			isa = XCBuildConfiguration;
			buildSettings = {
				ASSETCATALOG_COMPILER_APPICON_NAME = AppIcon;
				ASSETCATALOG_COMPILER_GLOBAL_ACCENT_COLOR_NAME = AccentColor;
				CODE_SIGN_ENTITLEMENTS = "AlbumArchiver-SwiftUI/AlbumArchiver_SwiftUI.entitlements";
				CODE_SIGN_STYLE = Automatic;
				COMBINE_HIDPI_IMAGES = YES;
				CURRENT_PROJECT_VERSION = 1;
				DEVELOPMENT_ASSET_PATHS = "\"AlbumArchiver-SwiftUI/Preview Content\"";
				DEVELOPMENT_TEAM = 2E7A87Y536;
				ENABLE_HARDENED_RUNTIME = YES;
				ENABLE_PREVIEWS = YES;
				GENERATE_INFOPLIST_FILE = YES;
				INFOPLIST_KEY_NSHumanReadableCopyright = "";
				LD_RUNPATH_SEARCH_PATHS = (
					"$(inherited)",
					"@executable_path/../Frameworks",
				);
				MARKETING_VERSION = 1.0;
				PRODUCT_BUNDLE_IDENTIFIER = "org.bedrick.AlbumArchiver-SwiftUI";
				PRODUCT_NAME = "$(TARGET_NAME)";
				SWIFT_EMIT_LOC_STRINGS = YES;
				SWIFT_VERSION = 5.0;
			};
			name = Debug;
		};
		B04271A1293D49D200F424E5 /* Release */ = {
			isa = XCBuildConfiguration;
			buildSettings = {
				ASSETCATALOG_COMPILER_APPICON_NAME = AppIcon;
				ASSETCATALOG_COMPILER_GLOBAL_ACCENT_COLOR_NAME = AccentColor;
				CODE_SIGN_ENTITLEMENTS = "AlbumArchiver-SwiftUI/AlbumArchiver_SwiftUI.entitlements";
				CODE_SIGN_STYLE = Automatic;
				COMBINE_HIDPI_IMAGES = YES;
				CURRENT_PROJECT_VERSION = 1;
				DEVELOPMENT_ASSET_PATHS = "\"AlbumArchiver-SwiftUI/Preview Content\"";
				DEVELOPMENT_TEAM = 2E7A87Y536;
				ENABLE_HARDENED_RUNTIME = YES;
				ENABLE_PREVIEWS = YES;
				GENERATE_INFOPLIST_FILE = YES;
				INFOPLIST_KEY_NSHumanReadableCopyright = "";
				LD_RUNPATH_SEARCH_PATHS = (
					"$(inherited)",
					"@executable_path/../Frameworks",
				);
				MARKETING_VERSION = 1.0;
				PRODUCT_BUNDLE_IDENTIFIER = "org.bedrick.AlbumArchiver-SwiftUI";
				PRODUCT_NAME = "$(TARGET_NAME)";
				SWIFT_EMIT_LOC_STRINGS = YES;
				SWIFT_VERSION = 5.0;
			};
			name = Release;
		};
		B04271A3293D49D200F424E5 /* Debug */ = {
			isa = XCBuildConfiguration;
			buildSettings = {
				ALWAYS_EMBED_SWIFT_STANDARD_LIBRARIES = YES;
				BUNDLE_LOADER = "$(TEST_HOST)";
				CODE_SIGN_STYLE = Automatic;
				CURRENT_PROJECT_VERSION = 1;
				DEVELOPMENT_TEAM = 2E7A87Y536;
				GENERATE_INFOPLIST_FILE = YES;
				MACOSX_DEPLOYMENT_TARGET = 12.6;
				MARKETING_VERSION = 1.0;
				PRODUCT_BUNDLE_IDENTIFIER = "org.bedrick.AlbumArchiver-SwiftUITests";
				PRODUCT_NAME = "$(TARGET_NAME)";
				SWIFT_EMIT_LOC_STRINGS = NO;
				SWIFT_VERSION = 5.0;
				TEST_HOST = "$(BUILT_PRODUCTS_DIR)/AlbumArchiver-SwiftUI.app/$(BUNDLE_EXECUTABLE_FOLDER_PATH)/AlbumArchiver-SwiftUI";
			};
			name = Debug;
		};
		B04271A4293D49D200F424E5 /* Release */ = {
			isa = XCBuildConfiguration;
			buildSettings = {
				ALWAYS_EMBED_SWIFT_STANDARD_LIBRARIES = YES;
				BUNDLE_LOADER = "$(TEST_HOST)";
				CODE_SIGN_STYLE = Automatic;
				CURRENT_PROJECT_VERSION = 1;
				DEVELOPMENT_TEAM = 2E7A87Y536;
				GENERATE_INFOPLIST_FILE = YES;
				MACOSX_DEPLOYMENT_TARGET = 12.6;
				MARKETING_VERSION = 1.0;
				PRODUCT_BUNDLE_IDENTIFIER = "org.bedrick.AlbumArchiver-SwiftUITests";
				PRODUCT_NAME = "$(TARGET_NAME)";
				SWIFT_EMIT_LOC_STRINGS = NO;
				SWIFT_VERSION = 5.0;
				TEST_HOST = "$(BUILT_PRODUCTS_DIR)/AlbumArchiver-SwiftUI.app/$(BUNDLE_EXECUTABLE_FOLDER_PATH)/AlbumArchiver-SwiftUI";
			};
			name = Release;
		};
		B04271A6293D49D200F424E5 /* Debug */ = {
			isa = XCBuildConfiguration;
			buildSettings = {
				ALWAYS_EMBED_SWIFT_STANDARD_LIBRARIES = YES;
				CODE_SIGN_STYLE = Automatic;
				CURRENT_PROJECT_VERSION = 1;
				DEVELOPMENT_TEAM = 2E7A87Y536;
				GENERATE_INFOPLIST_FILE = YES;
				MARKETING_VERSION = 1.0;
				PRODUCT_BUNDLE_IDENTIFIER = "org.bedrick.AlbumArchiver-SwiftUIUITests";
				PRODUCT_NAME = "$(TARGET_NAME)";
				SWIFT_EMIT_LOC_STRINGS = NO;
				SWIFT_VERSION = 5.0;
				TEST_TARGET_NAME = "AlbumArchiver-SwiftUI";
			};
			name = Debug;
		};
		B04271A7293D49D200F424E5 /* Release */ = {
			isa = XCBuildConfiguration;
			buildSettings = {
				ALWAYS_EMBED_SWIFT_STANDARD_LIBRARIES = YES;
				CODE_SIGN_STYLE = Automatic;
				CURRENT_PROJECT_VERSION = 1;
				DEVELOPMENT_TEAM = 2E7A87Y536;
				GENERATE_INFOPLIST_FILE = YES;
				MARKETING_VERSION = 1.0;
				PRODUCT_BUNDLE_IDENTIFIER = "org.bedrick.AlbumArchiver-SwiftUIUITests";
				PRODUCT_NAME = "$(TARGET_NAME)";
				SWIFT_EMIT_LOC_STRINGS = NO;
				SWIFT_VERSION = 5.0;
				TEST_TARGET_NAME = "AlbumArchiver-SwiftUI";
			};
			name = Release;
		};
		B0616564296E784F00B3F87E /* Debug */ = {
			isa = XCBuildConfiguration;
			buildSettings = {
				CODE_SIGN_STYLE = Automatic;
				DEVELOPMENT_TEAM = 2E7A87Y536;
				ENABLE_HARDENED_RUNTIME = YES;
				PRODUCT_NAME = "$(TARGET_NAME)";
				SWIFT_VERSION = 5.0;
			};
			name = Debug;
		};
		B0616565296E784F00B3F87E /* Release */ = {
			isa = XCBuildConfiguration;
			buildSettings = {
				CODE_SIGN_STYLE = Automatic;
				DEVELOPMENT_TEAM = 2E7A87Y536;
				ENABLE_HARDENED_RUNTIME = YES;
				PRODUCT_NAME = "$(TARGET_NAME)";
				SWIFT_VERSION = 5.0;
			};
			name = Release;
		};
/* End XCBuildConfiguration section */

/* Begin XCConfigurationList section */
		B0427175293D49CF00F424E5 /* Build configuration list for PBXProject "AlbumArchiver-SwiftUI" */ = {
			isa = XCConfigurationList;
			buildConfigurations = (
				B042719D293D49D200F424E5 /* Debug */,
				B042719E293D49D200F424E5 /* Release */,
			);
			defaultConfigurationIsVisible = 0;
			defaultConfigurationName = Release;
		};
		B042719F293D49D200F424E5 /* Build configuration list for PBXNativeTarget "AlbumArchiver-SwiftUI" */ = {
			isa = XCConfigurationList;
			buildConfigurations = (
				B04271A0293D49D200F424E5 /* Debug */,
				B04271A1293D49D200F424E5 /* Release */,
			);
			defaultConfigurationIsVisible = 0;
			defaultConfigurationName = Release;
		};
		B04271A2293D49D200F424E5 /* Build configuration list for PBXNativeTarget "AlbumArchiver-SwiftUITests" */ = {
			isa = XCConfigurationList;
			buildConfigurations = (
				B04271A3293D49D200F424E5 /* Debug */,
				B04271A4293D49D200F424E5 /* Release */,
			);
			defaultConfigurationIsVisible = 0;
			defaultConfigurationName = Release;
		};
		B04271A5293D49D200F424E5 /* Build configuration list for PBXNativeTarget "AlbumArchiver-SwiftUIUITests" */ = {
			isa = XCConfigurationList;
			buildConfigurations = (
				B04271A6293D49D200F424E5 /* Debug */,
				B04271A7293D49D200F424E5 /* Release */,
			);
			defaultConfigurationIsVisible = 0;
			defaultConfigurationName = Release;
		};
		B0616566296E784F00B3F87E /* Build configuration list for PBXNativeTarget "AlbumIOScratchpad" */ = {
			isa = XCConfigurationList;
			buildConfigurations = (
				B0616564296E784F00B3F87E /* Debug */,
				B0616565296E784F00B3F87E /* Release */,
			);
			defaultConfigurationIsVisible = 0;
			defaultConfigurationName = Release;
		};
/* End XCConfigurationList section */
	};
	rootObject = B0427172293D49CF00F424E5 /* Project object */;
}
